
Microsoft Visual Studio Solution File, Format Version 12.00
# Visual Studio Version 16
VisualStudioVersion = 16.0.32602.291
MinimumVisualStudioVersion = 10.0.40219.1
Project("{FAE04EC0-301F-11D3-BF4B-00C04F79EFBC}") = "ExemploFunção", "ExemploFunção\ExemploFunção.csproj", "{86FE3A9A-292A-4945-B26F-1FAF83288508}"
EndProject
Global
	GlobalSection(SolutionConfigurationPlatforms) = preSolution
		Debug|Any CPU = Debug|Any CPU
		Release|Any CPU = Release|Any CPU
	EndGlobalSection
	GlobalSection(ProjectConfigurationPlatforms) = postSolution
		{86FE3A9A-292A-4945-B26F-1FAF83288508}.Debug|Any CPU.ActiveCfg = Debug|Any CPU
		{86FE3A9A-292A-4945-B26F-1FAF83288508}.Debug|Any CPU.Build.0 = Debug|Any CPU
		{86FE3A9A-292A-4945-B26F-1FAF83288508}.Release|Any CPU.ActiveCfg = Release|Any CPU
		{86FE3A9A-292A-4945-B26F-1FAF83288508}.Release|Any CPU.Build.0 = Release|Any CPU
	EndGlobalSection
	GlobalSection(SolutionProperties) = preSolution
		HideSolutionNode = FALSE
	EndGlobalSection
	GlobalSection(ExtensibilityGlobals) = postSolution
		SolutionGuid = {AC6051E9-E519-47C9-BDE1-BB73D0C80F31}
	EndGlobalSection
EndGlobal
