
Microsoft Visual Studio Solution File, Format Version 12.00
# Visual Studio Version 16
VisualStudioVersion = 16.0.32602.291
MinimumVisualStudioVersion = 10.0.40219.1
Project("{FAE04EC0-301F-11D3-BF4B-00C04F79EFBC}") = "Exemplo struct", "Exemplo struct\Exemplo struct.csproj", "{FD4325B9-DD98-4C80-9BD6-EE225119D10C}"
EndProject
Global
	GlobalSection(SolutionConfigurationPlatforms) = preSolution
		Debug|Any CPU = Debug|Any CPU
		Release|Any CPU = Release|Any CPU
	EndGlobalSection
	GlobalSection(ProjectConfigurationPlatforms) = postSolution
		{FD4325B9-DD98-4C80-9BD6-EE225119D10C}.Debug|Any CPU.ActiveCfg = Debug|Any CPU
		{FD4325B9-DD98-4C80-9BD6-EE225119D10C}.Debug|Any CPU.Build.0 = Debug|Any CPU
		{FD4325B9-DD98-4C80-9BD6-EE225119D10C}.Release|Any CPU.ActiveCfg = Release|Any CPU
		{FD4325B9-DD98-4C80-9BD6-EE225119D10C}.Release|Any CPU.Build.0 = Release|Any CPU
	EndGlobalSection
	GlobalSection(SolutionProperties) = preSolution
		HideSolutionNode = FALSE
	EndGlobalSection
	GlobalSection(ExtensibilityGlobals) = postSolution
		SolutionGuid = {EA15D668-05B0-4202-A07D-C6D72B6911C0}
	EndGlobalSection
EndGlobal
