
Microsoft Visual Studio Solution File, Format Version 12.00
# Visual Studio Version 16
VisualStudioVersion = 16.0.32602.291
MinimumVisualStudioVersion = 10.0.40219.1
Project("{FAE04EC0-301F-11D3-BF4B-00C04F79EFBC}") = "ex021", "ex021\ex021.csproj", "{8750D59E-27CC-4669-BE1B-01F01A93A6D8}"
EndProject
Global
	GlobalSection(SolutionConfigurationPlatforms) = preSolution
		Debug|Any CPU = Debug|Any CPU
		Release|Any CPU = Release|Any CPU
	EndGlobalSection
	GlobalSection(ProjectConfigurationPlatforms) = postSolution
		{8750D59E-27CC-4669-BE1B-01F01A93A6D8}.Debug|Any CPU.ActiveCfg = Debug|Any CPU
		{8750D59E-27CC-4669-BE1B-01F01A93A6D8}.Debug|Any CPU.Build.0 = Debug|Any CPU
		{8750D59E-27CC-4669-BE1B-01F01A93A6D8}.Release|Any CPU.ActiveCfg = Release|Any CPU
		{8750D59E-27CC-4669-BE1B-01F01A93A6D8}.Release|Any CPU.Build.0 = Release|Any CPU
	EndGlobalSection
	GlobalSection(SolutionProperties) = preSolution
		HideSolutionNode = FALSE
	EndGlobalSection
	GlobalSection(ExtensibilityGlobals) = postSolution
		SolutionGuid = {40A9261D-45FE-448B-9AB1-0659E031F59F}
	EndGlobalSection
EndGlobal
