
Microsoft Visual Studio Solution File, Format Version 12.00
# Visual Studio Version 16
VisualStudioVersion = 16.0.32602.291
MinimumVisualStudioVersion = 10.0.40219.1
Project("{FAE04EC0-301F-11D3-BF4B-00C04F79EFBC}") = "Ex004", "Ex004\Ex004.csproj", "{48AE086D-8E8D-4A27-AFEF-8CF673654795}"
EndProject
Global
	GlobalSection(SolutionConfigurationPlatforms) = preSolution
		Debug|Any CPU = Debug|Any CPU
		Release|Any CPU = Release|Any CPU
	EndGlobalSection
	GlobalSection(ProjectConfigurationPlatforms) = postSolution
		{48AE086D-8E8D-4A27-AFEF-8CF673654795}.Debug|Any CPU.ActiveCfg = Debug|Any CPU
		{48AE086D-8E8D-4A27-AFEF-8CF673654795}.Debug|Any CPU.Build.0 = Debug|Any CPU
		{48AE086D-8E8D-4A27-AFEF-8CF673654795}.Release|Any CPU.ActiveCfg = Release|Any CPU
		{48AE086D-8E8D-4A27-AFEF-8CF673654795}.Release|Any CPU.Build.0 = Release|Any CPU
	EndGlobalSection
	GlobalSection(SolutionProperties) = preSolution
		HideSolutionNode = FALSE
	EndGlobalSection
	GlobalSection(ExtensibilityGlobals) = postSolution
		SolutionGuid = {2D0C3B14-834E-48C6-81D2-F8E317BB7EE2}
	EndGlobalSection
EndGlobal
