
Microsoft Visual Studio Solution File, Format Version 12.00
# Visual Studio Version 16
VisualStudioVersion = 16.0.32602.291
MinimumVisualStudioVersion = 10.0.40219.1
Project("{9A19103F-16F7-4668-BE54-9A1E7A4F7556}") = "SoluçãoNaPrópriaClasse", "ExercícioClasse4\SoluçãoNaPrópriaClasse.csproj", "{08A9B456-6A85-4A39-9FD8-BB8689DEB55B}"
EndProject
Global
	GlobalSection(SolutionConfigurationPlatforms) = preSolution
		Debug|Any CPU = Debug|Any CPU
		Release|Any CPU = Release|Any CPU
	EndGlobalSection
	GlobalSection(ProjectConfigurationPlatforms) = postSolution
		{08A9B456-6A85-4A39-9FD8-BB8689DEB55B}.Debug|Any CPU.ActiveCfg = Debug|Any CPU
		{08A9B456-6A85-4A39-9FD8-BB8689DEB55B}.Debug|Any CPU.Build.0 = Debug|Any CPU
		{08A9B456-6A85-4A39-9FD8-BB8689DEB55B}.Release|Any CPU.ActiveCfg = Release|Any CPU
		{08A9B456-6A85-4A39-9FD8-BB8689DEB55B}.Release|Any CPU.Build.0 = Release|Any CPU
	EndGlobalSection
	GlobalSection(SolutionProperties) = preSolution
		HideSolutionNode = FALSE
	EndGlobalSection
	GlobalSection(ExtensibilityGlobals) = postSolution
		SolutionGuid = {98C0D564-B2E3-41FB-996D-CDBF214E8C37}
	EndGlobalSection
EndGlobal
