
Microsoft Visual Studio Solution File, Format Version 12.00
# Visual Studio Version 16
VisualStudioVersion = 16.0.32602.291
MinimumVisualStudioVersion = 10.0.40219.1
Project("{FAE04EC0-301F-11D3-BF4B-00C04F79EFBC}") = "Exercício de fixação", "Exercício de fixação\Exercício de fixação.csproj", "{0CBC53BB-3B5E-44A8-B123-1027A178D8BD}"
EndProject
Global
	GlobalSection(SolutionConfigurationPlatforms) = preSolution
		Debug|Any CPU = Debug|Any CPU
		Release|Any CPU = Release|Any CPU
	EndGlobalSection
	GlobalSection(ProjectConfigurationPlatforms) = postSolution
		{0CBC53BB-3B5E-44A8-B123-1027A178D8BD}.Debug|Any CPU.ActiveCfg = Debug|Any CPU
		{0CBC53BB-3B5E-44A8-B123-1027A178D8BD}.Debug|Any CPU.Build.0 = Debug|Any CPU
		{0CBC53BB-3B5E-44A8-B123-1027A178D8BD}.Release|Any CPU.ActiveCfg = Release|Any CPU
		{0CBC53BB-3B5E-44A8-B123-1027A178D8BD}.Release|Any CPU.Build.0 = Release|Any CPU
	EndGlobalSection
	GlobalSection(SolutionProperties) = preSolution
		HideSolutionNode = FALSE
	EndGlobalSection
	GlobalSection(ExtensibilityGlobals) = postSolution
		SolutionGuid = {433957B7-5D7A-4E7B-9397-6A60012C6850}
	EndGlobalSection
EndGlobal
