
Microsoft Visual Studio Solution File, Format Version 12.00
# Visual Studio Version 16
VisualStudioVersion = 16.0.32602.291
MinimumVisualStudioVersion = 10.0.40219.1
Project("{FAE04EC0-301F-11D3-BF4B-00C04F79EFBC}") = "ExercícioClasse3", "ExercícioClasse3\ExercícioClasse3.csproj", "{0E5E93BA-A71F-46AC-A19E-9AA29B4503DA}"
EndProject
Global
	GlobalSection(SolutionConfigurationPlatforms) = preSolution
		Debug|Any CPU = Debug|Any CPU
		Release|Any CPU = Release|Any CPU
	EndGlobalSection
	GlobalSection(ProjectConfigurationPlatforms) = postSolution
		{0E5E93BA-A71F-46AC-A19E-9AA29B4503DA}.Debug|Any CPU.ActiveCfg = Debug|Any CPU
		{0E5E93BA-A71F-46AC-A19E-9AA29B4503DA}.Debug|Any CPU.Build.0 = Debug|Any CPU
		{0E5E93BA-A71F-46AC-A19E-9AA29B4503DA}.Release|Any CPU.ActiveCfg = Release|Any CPU
		{0E5E93BA-A71F-46AC-A19E-9AA29B4503DA}.Release|Any CPU.Build.0 = Release|Any CPU
	EndGlobalSection
	GlobalSection(SolutionProperties) = preSolution
		HideSolutionNode = FALSE
	EndGlobalSection
	GlobalSection(ExtensibilityGlobals) = postSolution
		SolutionGuid = {06E07F38-8B72-469E-8662-DB7B56F24E8F}
	EndGlobalSection
EndGlobal
