
Microsoft Visual Studio Solution File, Format Version 12.00
# Visual Studio Version 16
VisualStudioVersion = 16.0.32602.291
MinimumVisualStudioVersion = 10.0.40219.1
Project("{FAE04EC0-301F-11D3-BF4B-00C04F79EFBC}") = "SoluçãoDolar", "SoluçãoDolar\SoluçãoDolar.csproj", "{8723F8E4-4584-4B67-A1D8-0D1A65A99303}"
EndProject
Global
	GlobalSection(SolutionConfigurationPlatforms) = preSolution
		Debug|Any CPU = Debug|Any CPU
		Release|Any CPU = Release|Any CPU
	EndGlobalSection
	GlobalSection(ProjectConfigurationPlatforms) = postSolution
		{8723F8E4-4584-4B67-A1D8-0D1A65A99303}.Debug|Any CPU.ActiveCfg = Debug|Any CPU
		{8723F8E4-4584-4B67-A1D8-0D1A65A99303}.Debug|Any CPU.Build.0 = Debug|Any CPU
		{8723F8E4-4584-4B67-A1D8-0D1A65A99303}.Release|Any CPU.ActiveCfg = Release|Any CPU
		{8723F8E4-4584-4B67-A1D8-0D1A65A99303}.Release|Any CPU.Build.0 = Release|Any CPU
	EndGlobalSection
	GlobalSection(SolutionProperties) = preSolution
		HideSolutionNode = FALSE
	EndGlobalSection
	GlobalSection(ExtensibilityGlobals) = postSolution
		SolutionGuid = {BAA6A43B-C3A1-4460-95DB-A0B3A0E0E0DA}
	EndGlobalSection
EndGlobal
