
Microsoft Visual Studio Solution File, Format Version 12.00
# Visual Studio Version 16
VisualStudioVersion = 16.0.32602.291
MinimumVisualStudioVersion = 10.0.40219.1
Project("{FAE04EC0-301F-11D3-BF4B-00C04F79EFBC}") = "Ex005", "Ex005\Ex005.csproj", "{A7F8315A-DFF5-4A8D-AE3B-3116F41EBB92}"
EndProject
Global
	GlobalSection(SolutionConfigurationPlatforms) = preSolution
		Debug|Any CPU = Debug|Any CPU
		Release|Any CPU = Release|Any CPU
	EndGlobalSection
	GlobalSection(ProjectConfigurationPlatforms) = postSolution
		{A7F8315A-DFF5-4A8D-AE3B-3116F41EBB92}.Debug|Any CPU.ActiveCfg = Debug|Any CPU
		{A7F8315A-DFF5-4A8D-AE3B-3116F41EBB92}.Debug|Any CPU.Build.0 = Debug|Any CPU
		{A7F8315A-DFF5-4A8D-AE3B-3116F41EBB92}.Release|Any CPU.ActiveCfg = Release|Any CPU
		{A7F8315A-DFF5-4A8D-AE3B-3116F41EBB92}.Release|Any CPU.Build.0 = Release|Any CPU
	EndGlobalSection
	GlobalSection(SolutionProperties) = preSolution
		HideSolutionNode = FALSE
	EndGlobalSection
	GlobalSection(ExtensibilityGlobals) = postSolution
		SolutionGuid = {EB548772-B96A-4E0C-8AB2-B23E43C29B99}
	EndGlobalSection
EndGlobal
